// !$*UTF8*$!
{
	archiveVersion = 1;
	classes = {
	};
	objectVersion = 55;
	objects = {

/* Begin PBXBuildFile section */
		95EE4ADCB9C2FBD2C0BE1A23 /* Pods_map_navigation.framework in Frameworks */ = {isa = PBXBuildFile; fileRef = 2FF62AD18BC29B55524DF1B7 /* Pods_map_navigation.framework */; };
		EE00820028418CE300815037 /* Gemfile in Resources */ = {isa = PBXBuildFile; fileRef = EE0081FF28418CE300815037 /* Gemfile */; };
		EE008202284195C700815037 /* AppDelegate.swift in Sources */ = {isa = PBXBuildFile; fileRef = EE008201284195C700815037 /* AppDelegate.swift */; };
		EE00820428419E2D00815037 /* MapView.swift in Sources */ = {isa = PBXBuildFile; fileRef = EE00820328419E2D00815037 /* MapView.swift */; };
		EEE677BB2840C46A00933334 /* MapNavigationApp.swift in Sources */ = {isa = PBXBuildFile; fileRef = EEE677BA2840C46A00933334 /* MapNavigationApp.swift */; };
		EEE677BD2840C46A00933334 /* ContentView.swift in Sources */ = {isa = PBXBuildFile; fileRef = EEE677BC2840C46A00933334 /* ContentView.swift */; };
		EEE677BF2840C46E00933334 /* Assets.xcassets in Resources */ = {isa = PBXBuildFile; fileRef = EEE677BE2840C46E00933334 /* Assets.xcassets */; };
		EEE677C22840C46E00933334 /* Preview Assets.xcassets in Resources */ = {isa = PBXBuildFile; fileRef = EEE677C12840C46E00933334 /* Preview Assets.xcassets */; };
		EEE677CC2840C46F00933334 /* map_navigationTests.swift in Sources */ = {isa = PBXBuildFile; fileRef = EEE677CB2840C46F00933334 /* map_navigationTests.swift */; };
		EEE677D62840C46F00933334 /* map_navigationUITests.swift in Sources */ = {isa = PBXBuildFile; fileRef = EEE677D52840C46F00933334 /* map_navigationUITests.swift */; };
		EEE677D82840C46F00933334 /* map_navigationUITestsLaunchTests.swift in Sources */ = {isa = PBXBuildFile; fileRef = EEE677D72840C46F00933334 /* map_navigationUITestsLaunchTests.swift */; };
		EEE677E62840C54500933334 /* LICENSE in Resources */ = {isa = PBXBuildFile; fileRef = EEE677E42840C54500933334 /* LICENSE */; };
		EEE677E72840C54500933334 /* .gitignore in Resources */ = {isa = PBXBuildFile; fileRef = EEE677E52840C54500933334 /* .gitignore */; };
		EEE677E92840C54E00933334 /* README.md in Resources */ = {isa = PBXBuildFile; fileRef = EEE677E82840C54E00933334 /* README.md */; };
		EEE677ED28413C0700933334 /* Podfile in Resources */ = {isa = PBXBuildFile; fileRef = EEE677EC28413C0700933334 /* Podfile */; };
/* End PBXBuildFile section */

/* Begin PBXContainerItemProxy section */
		EEE677C82840C46F00933334 /* PBXContainerItemProxy */ = {
			isa = PBXContainerItemProxy;
			containerPortal = EEE677AF2840C46900933334 /* Project object */;
			proxyType = 1;
			remoteGlobalIDString = EEE677B62840C46A00933334;
			remoteInfo = "map-navigation";
		};
		EEE677D22840C46F00933334 /* PBXContainerItemProxy */ = {
			isa = PBXContainerItemProxy;
			containerPortal = EEE677AF2840C46900933334 /* Project object */;
			proxyType = 1;
			remoteGlobalIDString = EEE677B62840C46A00933334;
			remoteInfo = "map-navigation";
		};
/* End PBXContainerItemProxy section */

/* Begin PBXFileReference section */
		0D6050AB93C882011F594755 /* Pods-map-navigation.release.xcconfig */ = {isa = PBXFileReference; includeInIndex = 1; lastKnownFileType = text.xcconfig; name = "Pods-map-navigation.release.xcconfig"; path = "Target Support Files/Pods-map-navigation/Pods-map-navigation.release.xcconfig"; sourceTree = "<group>"; };
		2FF62AD18BC29B55524DF1B7 /* Pods_map_navigation.framework */ = {isa = PBXFileReference; explicitFileType = wrapper.framework; includeInIndex = 0; path = Pods_map_navigation.framework; sourceTree = BUILT_PRODUCTS_DIR; };
		6372E01B2C36D1A9D3DDDAC7 /* Pods-map-navigation.debug.xcconfig */ = {isa = PBXFileReference; includeInIndex = 1; lastKnownFileType = text.xcconfig; name = "Pods-map-navigation.debug.xcconfig"; path = "Target Support Files/Pods-map-navigation/Pods-map-navigation.debug.xcconfig"; sourceTree = "<group>"; };
		EE0081FF28418CE300815037 /* Gemfile */ = {isa = PBXFileReference; lastKnownFileType = text; path = Gemfile; sourceTree = "<group>"; };
		EE008201284195C700815037 /* AppDelegate.swift */ = {isa = PBXFileReference; lastKnownFileType = sourcecode.swift; path = AppDelegate.swift; sourceTree = "<group>"; };
		EE00820328419E2D00815037 /* MapView.swift */ = {isa = PBXFileReference; lastKnownFileType = sourcecode.swift; path = MapView.swift; sourceTree = "<group>"; };
		EE00820528419F4C00815037 /* Info.plist */ = {isa = PBXFileReference; lastKnownFileType = text.plist; path = Info.plist; sourceTree = "<group>"; };
		EEE677B72840C46A00933334 /* map-navigation.app */ = {isa = PBXFileReference; explicitFileType = wrapper.application; includeInIndex = 0; path = "map-navigation.app"; sourceTree = BUILT_PRODUCTS_DIR; };
		EEE677BA2840C46A00933334 /* MapNavigationApp.swift */ = {isa = PBXFileReference; lastKnownFileType = sourcecode.swift; path = MapNavigationApp.swift; sourceTree = "<group>"; };
		EEE677BC2840C46A00933334 /* ContentView.swift */ = {isa = PBXFileReference; lastKnownFileType = sourcecode.swift; path = ContentView.swift; sourceTree = "<group>"; };
		EEE677BE2840C46E00933334 /* Assets.xcassets */ = {isa = PBXFileReference; lastKnownFileType = folder.assetcatalog; path = Assets.xcassets; sourceTree = "<group>"; };
		EEE677C12840C46E00933334 /* Preview Assets.xcassets */ = {isa = PBXFileReference; lastKnownFileType = folder.assetcatalog; path = "Preview Assets.xcassets"; sourceTree = "<group>"; };
		EEE677C72840C46F00933334 /* map-navigationTests.xctest */ = {isa = PBXFileReference; explicitFileType = wrapper.cfbundle; includeInIndex = 0; path = "map-navigationTests.xctest"; sourceTree = BUILT_PRODUCTS_DIR; };
		EEE677CB2840C46F00933334 /* map_navigationTests.swift */ = {isa = PBXFileReference; lastKnownFileType = sourcecode.swift; path = map_navigationTests.swift; sourceTree = "<group>"; };
		EEE677D12840C46F00933334 /* map-navigationUITests.xctest */ = {isa = PBXFileReference; explicitFileType = wrapper.cfbundle; includeInIndex = 0; path = "map-navigationUITests.xctest"; sourceTree = BUILT_PRODUCTS_DIR; };
		EEE677D52840C46F00933334 /* map_navigationUITests.swift */ = {isa = PBXFileReference; lastKnownFileType = sourcecode.swift; path = map_navigationUITests.swift; sourceTree = "<group>"; };
		EEE677D72840C46F00933334 /* map_navigationUITestsLaunchTests.swift */ = {isa = PBXFileReference; lastKnownFileType = sourcecode.swift; path = map_navigationUITestsLaunchTests.swift; sourceTree = "<group>"; };
		EEE677E42840C54500933334 /* LICENSE */ = {isa = PBXFileReference; fileEncoding = 4; lastKnownFileType = text; path = LICENSE; sourceTree = "<group>"; };
		EEE677E52840C54500933334 /* .gitignore */ = {isa = PBXFileReference; fileEncoding = 4; lastKnownFileType = text; path = .gitignore; sourceTree = "<group>"; };
		EEE677E82840C54E00933334 /* README.md */ = {isa = PBXFileReference; fileEncoding = 4; lastKnownFileType = net.daringfireball.markdown; path = README.md; sourceTree = "<group>"; };
		EEE677EC28413C0700933334 /* Podfile */ = {isa = PBXFileReference; lastKnownFileType = text; path = Podfile; sourceTree = "<group>"; xcLanguageSpecificationIdentifier = xcode.lang.ruby; };
/* End PBXFileReference section */

/* Begin PBXFrameworksBuildPhase section */
		EEE677B42840C46A00933334 /* Frameworks */ = {
			isa = PBXFrameworksBuildPhase;
			buildActionMask = 2147483647;
			files = (
				95EE4ADCB9C2FBD2C0BE1A23 /* Pods_map_navigation.framework in Frameworks */,
			);
			runOnlyForDeploymentPostprocessing = 0;
		};
		EEE677C42840C46F00933334 /* Frameworks */ = {
			isa = PBXFrameworksBuildPhase;
			buildActionMask = 2147483647;
			files = (
			);
			runOnlyForDeploymentPostprocessing = 0;
		};
		EEE677CE2840C46F00933334 /* Frameworks */ = {
			isa = PBXFrameworksBuildPhase;
			buildActionMask = 2147483647;
			files = (
			);
			runOnlyForDeploymentPostprocessing = 0;
		};
/* End PBXFrameworksBuildPhase section */

/* Begin PBXGroup section */
		56DE5EAAD4DD8248AFD5F532 /* Frameworks */ = {
			isa = PBXGroup;
			children = (
				2FF62AD18BC29B55524DF1B7 /* Pods_map_navigation.framework */,
			);
			name = Frameworks;
			sourceTree = "<group>";
		};
		7318F2239EE9780002AAC79F /* Pods */ = {
			isa = PBXGroup;
			children = (
				6372E01B2C36D1A9D3DDDAC7 /* Pods-map-navigation.debug.xcconfig */,
				0D6050AB93C882011F594755 /* Pods-map-navigation.release.xcconfig */,
			);
			path = Pods;
			sourceTree = "<group>";
		};
		EEE677AE2840C46900933334 = {
			isa = PBXGroup;
			children = (
				EE0081FF28418CE300815037 /* Gemfile */,
				EEE677EC28413C0700933334 /* Podfile */,
				EEE677E82840C54E00933334 /* README.md */,
				EEE677E52840C54500933334 /* .gitignore */,
				EEE677E42840C54500933334 /* LICENSE */,
				EEE677B92840C46A00933334 /* map-navigation */,
				EEE677CA2840C46F00933334 /* map-navigationTests */,
				EEE677D42840C46F00933334 /* map-navigationUITests */,
				EEE677B82840C46A00933334 /* Products */,
				7318F2239EE9780002AAC79F /* Pods */,
				56DE5EAAD4DD8248AFD5F532 /* Frameworks */,
			);
			sourceTree = "<group>";
		};
		EEE677B82840C46A00933334 /* Products */ = {
			isa = PBXGroup;
			children = (
				EEE677B72840C46A00933334 /* map-navigation.app */,
				EEE677C72840C46F00933334 /* map-navigationTests.xctest */,
				EEE677D12840C46F00933334 /* map-navigationUITests.xctest */,
			);
			name = Products;
			sourceTree = "<group>";
		};
		EEE677B92840C46A00933334 /* map-navigation */ = {
			isa = PBXGroup;
			children = (
				EE00820528419F4C00815037 /* Info.plist */,
				EEE677BA2840C46A00933334 /* MapNavigationApp.swift */,
				EEE677BC2840C46A00933334 /* ContentView.swift */,
				EE00820328419E2D00815037 /* MapView.swift */,
				EE008201284195C700815037 /* AppDelegate.swift */,
				EEE677BE2840C46E00933334 /* Assets.xcassets */,
				EEE677C02840C46E00933334 /* Preview Content */,
			);
			path = "map-navigation";
			sourceTree = "<group>";
		};
		EEE677C02840C46E00933334 /* Preview Content */ = {
			isa = PBXGroup;
			children = (
				EEE677C12840C46E00933334 /* Preview Assets.xcassets */,
			);
			path = "Preview Content";
			sourceTree = "<group>";
		};
		EEE677CA2840C46F00933334 /* map-navigationTests */ = {
			isa = PBXGroup;
			children = (
				EEE677CB2840C46F00933334 /* map_navigationTests.swift */,
			);
			path = "map-navigationTests";
			sourceTree = "<group>";
		};
		EEE677D42840C46F00933334 /* map-navigationUITests */ = {
			isa = PBXGroup;
			children = (
				EEE677D52840C46F00933334 /* map_navigationUITests.swift */,
				EEE677D72840C46F00933334 /* map_navigationUITestsLaunchTests.swift */,
			);
			path = "map-navigationUITests";
			sourceTree = "<group>";
		};
/* End PBXGroup section */

/* Begin PBXNativeTarget section */
		EEE677B62840C46A00933334 /* map-navigation */ = {
			isa = PBXNativeTarget;
			buildConfigurationList = EEE677DB2840C46F00933334 /* Build configuration list for PBXNativeTarget "map-navigation" */;
			buildPhases = (
				22397E55A13B6980DFC52D1F /* [CP] Check Pods Manifest.lock */,
				EEE677B32840C46A00933334 /* Sources */,
				EEE677B42840C46A00933334 /* Frameworks */,
				EEE677B52840C46A00933334 /* Resources */,
				260BECEC28CF9CAFF4F5A8AA /* [CP] Copy Pods Resources */,
				EEF097763D95EE4DC13D5B57 /* [CP] Embed Pods Frameworks */,
			);
			buildRules = (
			);
			dependencies = (
			);
			name = "map-navigation";
			productName = "map-navigation";
			productReference = EEE677B72840C46A00933334 /* map-navigation.app */;
			productType = "com.apple.product-type.application";
		};
		EEE677C62840C46F00933334 /* map-navigationTests */ = {
			isa = PBXNativeTarget;
			buildConfigurationList = EEE677DE2840C46F00933334 /* Build configuration list for PBXNativeTarget "map-navigationTests" */;
			buildPhases = (
				EEE677C32840C46F00933334 /* Sources */,
				EEE677C42840C46F00933334 /* Frameworks */,
				EEE677C52840C46F00933334 /* Resources */,
			);
			buildRules = (
			);
			dependencies = (
				EEE677C92840C46F00933334 /* PBXTargetDependency */,
			);
			name = "map-navigationTests";
			productName = "map-navigationTests";
			productReference = EEE677C72840C46F00933334 /* map-navigationTests.xctest */;
			productType = "com.apple.product-type.bundle.unit-test";
		};
		EEE677D02840C46F00933334 /* map-navigationUITests */ = {
			isa = PBXNativeTarget;
			buildConfigurationList = EEE677E12840C46F00933334 /* Build configuration list for PBXNativeTarget "map-navigationUITests" */;
			buildPhases = (
				EEE677CD2840C46F00933334 /* Sources */,
				EEE677CE2840C46F00933334 /* Frameworks */,
				EEE677CF2840C46F00933334 /* Resources */,
			);
			buildRules = (
			);
			dependencies = (
				EEE677D32840C46F00933334 /* PBXTargetDependency */,
			);
			name = "map-navigationUITests";
			productName = "map-navigationUITests";
			productReference = EEE677D12840C46F00933334 /* map-navigationUITests.xctest */;
			productType = "com.apple.product-type.bundle.ui-testing";
		};
/* End PBXNativeTarget section */

/* Begin PBXProject section */
		EEE677AF2840C46900933334 /* Project object */ = {
			isa = PBXProject;
			attributes = {
				BuildIndependentTargetsInParallel = 1;
				LastSwiftUpdateCheck = 1340;
				LastUpgradeCheck = 1340;
				TargetAttributes = {
					EEE677B62840C46A00933334 = {
						CreatedOnToolsVersion = 13.4;
					};
					EEE677C62840C46F00933334 = {
						CreatedOnToolsVersion = 13.4;
						TestTargetID = EEE677B62840C46A00933334;
					};
					EEE677D02840C46F00933334 = {
						CreatedOnToolsVersion = 13.4;
						TestTargetID = EEE677B62840C46A00933334;
					};
				};
			};
			buildConfigurationList = EEE677B22840C46900933334 /* Build configuration list for PBXProject "map-navigation" */;
			compatibilityVersion = "Xcode 13.0";
			developmentRegion = en;
			hasScannedForEncodings = 0;
			knownRegions = (
				en,
				Base,
			);
			mainGroup = EEE677AE2840C46900933334;
			productRefGroup = EEE677B82840C46A00933334 /* Products */;
			projectDirPath = "";
			projectRoot = "";
			targets = (
				EEE677B62840C46A00933334 /* map-navigation */,
				EEE677C62840C46F00933334 /* map-navigationTests */,
				EEE677D02840C46F00933334 /* map-navigationUITests */,
			);
		};
/* End PBXProject section */

/* Begin PBXResourcesBuildPhase section */
		EEE677B52840C46A00933334 /* Resources */ = {
			isa = PBXResourcesBuildPhase;
			buildActionMask = 2147483647;
			files = (
				EEE677ED28413C0700933334 /* Podfile in Resources */,
				EEE677E72840C54500933334 /* .gitignore in Resources */,
				EEE677E62840C54500933334 /* LICENSE in Resources */,
				EEE677E92840C54E00933334 /* README.md in Resources */,
				EE00820028418CE300815037 /* Gemfile in Resources */,
				EEE677C22840C46E00933334 /* Preview Assets.xcassets in Resources */,
				EEE677BF2840C46E00933334 /* Assets.xcassets in Resources */,
			);
			runOnlyForDeploymentPostprocessing = 0;
		};
		EEE677C52840C46F00933334 /* Resources */ = {
			isa = PBXResourcesBuildPhase;
			buildActionMask = 2147483647;
			files = (
			);
			runOnlyForDeploymentPostprocessing = 0;
		};
		EEE677CF2840C46F00933334 /* Resources */ = {
			isa = PBXResourcesBuildPhase;
			buildActionMask = 2147483647;
			files = (
			);
			runOnlyForDeploymentPostprocessing = 0;
		};
/* End PBXResourcesBuildPhase section */

/* Begin PBXShellScriptBuildPhase section */
		22397E55A13B6980DFC52D1F /* [CP] Check Pods Manifest.lock */ = {
			isa = PBXShellScriptBuildPhase;
			buildActionMask = 2147483647;
			files = (
			);
			inputFileListPaths = (
			);
			inputPaths = (
				"${PODS_PODFILE_DIR_PATH}/Podfile.lock",
				"${PODS_ROOT}/Manifest.lock",
			);
			name = "[CP] Check Pods Manifest.lock";
			outputFileListPaths = (
			);
			outputPaths = (
				"$(DERIVED_FILE_DIR)/Pods-map-navigation-checkManifestLockResult.txt",
			);
			runOnlyForDeploymentPostprocessing = 0;
			shellPath = /bin/sh;
			shellScript = "diff \"${PODS_PODFILE_DIR_PATH}/Podfile.lock\" \"${PODS_ROOT}/Manifest.lock\" > /dev/null\nif [ $? != 0 ] ; then\n    # print error to STDERR\n    echo \"error: The sandbox is not in sync with the Podfile.lock. Run 'pod install' or update your CocoaPods installation.\" >&2\n    exit 1\nfi\n# This output is used by Xcode 'outputs' to avoid re-running this script phase.\necho \"SUCCESS\" > \"${SCRIPT_OUTPUT_FILE_0}\"\n";
			showEnvVarsInLog = 0;
		};
		260BECEC28CF9CAFF4F5A8AA /* [CP] Copy Pods Resources */ = {
			isa = PBXShellScriptBuildPhase;
			buildActionMask = 2147483647;
			files = (
			);
			inputFileListPaths = (
				"${PODS_ROOT}/Target Support Files/Pods-map-navigation/Pods-map-navigation-resources-${CONFIGURATION}-input-files.xcfilelist",
			);
			name = "[CP] Copy Pods Resources";
			outputFileListPaths = (
				"${PODS_ROOT}/Target Support Files/Pods-map-navigation/Pods-map-navigation-resources-${CONFIGURATION}-output-files.xcfilelist",
			);
			runOnlyForDeploymentPostprocessing = 0;
			shellPath = /bin/sh;
			shellScript = "\"${PODS_ROOT}/Target Support Files/Pods-map-navigation/Pods-map-navigation-resources.sh\"\n";
			showEnvVarsInLog = 0;
		};
		EEF097763D95EE4DC13D5B57 /* [CP] Embed Pods Frameworks */ = {
			isa = PBXShellScriptBuildPhase;
			buildActionMask = 2147483647;
			files = (
			);
			inputFileListPaths = (
				"${PODS_ROOT}/Target Support Files/Pods-map-navigation/Pods-map-navigation-frameworks-${CONFIGURATION}-input-files.xcfilelist",
			);
			name = "[CP] Embed Pods Frameworks";
			outputFileListPaths = (
				"${PODS_ROOT}/Target Support Files/Pods-map-navigation/Pods-map-navigation-frameworks-${CONFIGURATION}-output-files.xcfilelist",
			);
			runOnlyForDeploymentPostprocessing = 0;
			shellPath = /bin/sh;
			shellScript = "\"${PODS_ROOT}/Target Support Files/Pods-map-navigation/Pods-map-navigation-frameworks.sh\"\n";
			showEnvVarsInLog = 0;
		};
/* End PBXShellScriptBuildPhase section */

/* Begin PBXSourcesBuildPhase section */
		EEE677B32840C46A00933334 /* Sources */ = {
			isa = PBXSourcesBuildPhase;
			buildActionMask = 2147483647;
			files = (
				EE008202284195C700815037 /* AppDelegate.swift in Sources */,
				EE00820428419E2D00815037 /* MapView.swift in Sources */,
				EEE677BD2840C46A00933334 /* ContentView.swift in Sources */,
				EEE677BB2840C46A00933334 /* MapNavigationApp.swift in Sources */,
			);
			runOnlyForDeploymentPostprocessing = 0;
		};
		EEE677C32840C46F00933334 /* Sources */ = {
			isa = PBXSourcesBuildPhase;
			buildActionMask = 2147483647;
			files = (
				EEE677CC2840C46F00933334 /* map_navigationTests.swift in Sources */,
			);
			runOnlyForDeploymentPostprocessing = 0;
		};
		EEE677CD2840C46F00933334 /* Sources */ = {
			isa = PBXSourcesBuildPhase;
			buildActionMask = 2147483647;
			files = (
				EEE677D62840C46F00933334 /* map_navigationUITests.swift in Sources */,
				EEE677D82840C46F00933334 /* map_navigationUITestsLaunchTests.swift in Sources */,
			);
			runOnlyForDeploymentPostprocessing = 0;
		};
/* End PBXSourcesBuildPhase section */

/* Begin PBXTargetDependency section */
		EEE677C92840C46F00933334 /* PBXTargetDependency */ = {
			isa = PBXTargetDependency;
			target = EEE677B62840C46A00933334 /* map-navigation */;
			targetProxy = EEE677C82840C46F00933334 /* PBXContainerItemProxy */;
		};
		EEE677D32840C46F00933334 /* PBXTargetDependency */ = {
			isa = PBXTargetDependency;
			target = EEE677B62840C46A00933334 /* map-navigation */;
			targetProxy = EEE677D22840C46F00933334 /* PBXContainerItemProxy */;
		};
/* End PBXTargetDependency section */

/* Begin XCBuildConfiguration section */
		EEE677D92840C46F00933334 /* Debug */ = {
			isa = XCBuildConfiguration;
			buildSettings = {
				ALWAYS_SEARCH_USER_PATHS = NO;
				CLANG_ANALYZER_NONNULL = YES;
				CLANG_ANALYZER_NUMBER_OBJECT_CONVERSION = YES_AGGRESSIVE;
				CLANG_CXX_LANGUAGE_STANDARD = "gnu++17";
				CLANG_ENABLE_MODULES = YES;
				CLANG_ENABLE_OBJC_ARC = YES;
				CLANG_ENABLE_OBJC_WEAK = YES;
				CLANG_WARN_BLOCK_CAPTURE_AUTORELEASING = YES;
				CLANG_WARN_BOOL_CONVERSION = YES;
				CLANG_WARN_COMMA = YES;
				CLANG_WARN_CONSTANT_CONVERSION = YES;
				CLANG_WARN_DEPRECATED_OBJC_IMPLEMENTATIONS = YES;
				CLANG_WARN_DIRECT_OBJC_ISA_USAGE = YES_ERROR;
				CLANG_WARN_DOCUMENTATION_COMMENTS = YES;
				CLANG_WARN_EMPTY_BODY = YES;
				CLANG_WARN_ENUM_CONVERSION = YES;
				CLANG_WARN_INFINITE_RECURSION = YES;
				CLANG_WARN_INT_CONVERSION = YES;
				CLANG_WARN_NON_LITERAL_NULL_CONVERSION = YES;
				CLANG_WARN_OBJC_IMPLICIT_RETAIN_SELF = YES;
				CLANG_WARN_OBJC_LITERAL_CONVERSION = YES;
				CLANG_WARN_OBJC_ROOT_CLASS = YES_ERROR;
				CLANG_WARN_QUOTED_INCLUDE_IN_FRAMEWORK_HEADER = YES;
				CLANG_WARN_RANGE_LOOP_ANALYSIS = YES;
				CLANG_WARN_STRICT_PROTOTYPES = YES;
				CLANG_WARN_SUSPICIOUS_MOVE = YES;
				CLANG_WARN_UNGUARDED_AVAILABILITY = YES_AGGRESSIVE;
				CLANG_WARN_UNREACHABLE_CODE = YES;
				CLANG_WARN__DUPLICATE_METHOD_MATCH = YES;
				COPY_PHASE_STRIP = NO;
				DEBUG_INFORMATION_FORMAT = dwarf;
				ENABLE_STRICT_OBJC_MSGSEND = YES;
				ENABLE_TESTABILITY = YES;
				GCC_C_LANGUAGE_STANDARD = gnu11;
				GCC_DYNAMIC_NO_PIC = NO;
				GCC_NO_COMMON_BLOCKS = YES;
				GCC_OPTIMIZATION_LEVEL = 0;
				GCC_PREPROCESSOR_DEFINITIONS = (
					"DEBUG=1",
					"$(inherited)",
				);
				GCC_WARN_64_TO_32_BIT_CONVERSION = YES;
				GCC_WARN_ABOUT_RETURN_TYPE = YES_ERROR;
				GCC_WARN_UNDECLARED_SELECTOR = YES;
				GCC_WARN_UNINITIALIZED_AUTOS = YES_AGGRESSIVE;
				GCC_WARN_UNUSED_FUNCTION = YES;
				GCC_WARN_UNUSED_VARIABLE = YES;
				IPHONEOS_DEPLOYMENT_TARGET = 15.0;
				MTL_ENABLE_DEBUG_INFO = INCLUDE_SOURCE;
				MTL_FAST_MATH = YES;
				ONLY_ACTIVE_ARCH = YES;
				SDKROOT = iphoneos;
				SWIFT_ACTIVE_COMPILATION_CONDITIONS = DEBUG;
				SWIFT_OPTIMIZATION_LEVEL = "-Onone";
			};
			name = Debug;
		};
		EEE677DA2840C46F00933334 /* Release */ = {
			isa = XCBuildConfiguration;
			buildSettings = {
				ALWAYS_SEARCH_USER_PATHS = NO;
				CLANG_ANALYZER_NONNULL = YES;
				CLANG_ANALYZER_NUMBER_OBJECT_CONVERSION = YES_AGGRESSIVE;
				CLANG_CXX_LANGUAGE_STANDARD = "gnu++17";
				CLANG_ENABLE_MODULES = YES;
				CLANG_ENABLE_OBJC_ARC = YES;
				CLANG_ENABLE_OBJC_WEAK = YES;
				CLANG_WARN_BLOCK_CAPTURE_AUTORELEASING = YES;
				CLANG_WARN_BOOL_CONVERSION = YES;
				CLANG_WARN_COMMA = YES;
				CLANG_WARN_CONSTANT_CONVERSION = YES;
				CLANG_WARN_DEPRECATED_OBJC_IMPLEMENTATIONS = YES;
				CLANG_WARN_DIRECT_OBJC_ISA_USAGE = YES_ERROR;
				CLANG_WARN_DOCUMENTATION_COMMENTS = YES;
				CLANG_WARN_EMPTY_BODY = YES;
				CLANG_WARN_ENUM_CONVERSION = YES;
				CLANG_WARN_INFINITE_RECURSION = YES;
				CLANG_WARN_INT_CONVERSION = YES;
				CLANG_WARN_NON_LITERAL_NULL_CONVERSION = YES;
				CLANG_WARN_OBJC_IMPLICIT_RETAIN_SELF = YES;
				CLANG_WARN_OBJC_LITERAL_CONVERSION = YES;
				CLANG_WARN_OBJC_ROOT_CLASS = YES_ERROR;
				CLANG_WARN_QUOTED_INCLUDE_IN_FRAMEWORK_HEADER = YES;
				CLANG_WARN_RANGE_LOOP_ANALYSIS = YES;
				CLANG_WARN_STRICT_PROTOTYPES = YES;
				CLANG_WARN_SUSPICIOUS_MOVE = YES;
				CLANG_WARN_UNGUARDED_AVAILABILITY = YES_AGGRESSIVE;
				CLANG_WARN_UNREACHABLE_CODE = YES;
				CLANG_WARN__DUPLICATE_METHOD_MATCH = YES;
				COPY_PHASE_STRIP = NO;
				DEBUG_INFORMATION_FORMAT = "dwarf-with-dsym";
				ENABLE_NS_ASSERTIONS = NO;
				ENABLE_STRICT_OBJC_MSGSEND = YES;
				GCC_C_LANGUAGE_STANDARD = gnu11;
				GCC_NO_COMMON_BLOCKS = YES;
				GCC_WARN_64_TO_32_BIT_CONVERSION = YES;
				GCC_WARN_ABOUT_RETURN_TYPE = YES_ERROR;
				GCC_WARN_UNDECLARED_SELECTOR = YES;
				GCC_WARN_UNINITIALIZED_AUTOS = YES_AGGRESSIVE;
				GCC_WARN_UNUSED_FUNCTION = YES;
				GCC_WARN_UNUSED_VARIABLE = YES;
				IPHONEOS_DEPLOYMENT_TARGET = 15.0;
				MTL_ENABLE_DEBUG_INFO = NO;
				MTL_FAST_MATH = YES;
				SDKROOT = iphoneos;
				SWIFT_COMPILATION_MODE = wholemodule;
				SWIFT_OPTIMIZATION_LEVEL = "-O";
				VALIDATE_PRODUCT = YES;
			};
			name = Release;
		};
		EEE677DC2840C46F00933334 /* Debug */ = {
			isa = XCBuildConfiguration;
			baseConfigurationReference = 6372E01B2C36D1A9D3DDDAC7 /* Pods-map-navigation.debug.xcconfig */;
			buildSettings = {
				ASSETCATALOG_COMPILER_APPICON_NAME = AppIcon;
				ASSETCATALOG_COMPILER_GLOBAL_ACCENT_COLOR_NAME = AccentColor;
				CODE_SIGN_STYLE = Automatic;
				CURRENT_PROJECT_VERSION = 1;
				DEVELOPMENT_ASSET_PATHS = "\"map-navigation/Preview Content\"";
				DEVELOPMENT_TEAM = A8UB7LJGV7;
				ENABLE_PREVIEWS = YES;
				GENERATE_INFOPLIST_FILE = YES;
				INFOPLIST_FILE = "map-navigation/Info.plist";
				INFOPLIST_KEY_UIApplicationSceneManifest_Generation = YES;
				INFOPLIST_KEY_UIApplicationSupportsIndirectInputEvents = YES;
				INFOPLIST_KEY_UILaunchScreen_Generation = YES;
				INFOPLIST_KEY_UISupportedInterfaceOrientations_iPad = "UIInterfaceOrientationPortrait UIInterfaceOrientationPortraitUpsideDown UIInterfaceOrientationLandscapeLeft UIInterfaceOrientationLandscapeRight";
				INFOPLIST_KEY_UISupportedInterfaceOrientations_iPhone = "UIInterfaceOrientationPortrait UIInterfaceOrientationLandscapeLeft UIInterfaceOrientationLandscapeRight";
				LD_RUNPATH_SEARCH_PATHS = (
					"$(inherited)",
					"@executable_path/Frameworks",
				);
				MARKETING_VERSION = 1.0;
				PRODUCT_BUNDLE_IDENTIFIER = "com.liaohongxing.map-navigation";
				PRODUCT_NAME = "$(TARGET_NAME)";
				SWIFT_EMIT_LOC_STRINGS = YES;
				SWIFT_VERSION = 5.0;
				TARGETED_DEVICE_FAMILY = "1,2";
			};
			name = Debug;
		};
		EEE677DD2840C46F00933334 /* Release */ = {
			isa = XCBuildConfiguration;
			baseConfigurationReference = 0D6050AB93C882011F594755 /* Pods-map-navigation.release.xcconfig */;
			buildSettings = {
				ASSETCATALOG_COMPILER_APPICON_NAME = AppIcon;
				ASSETCATALOG_COMPILER_GLOBAL_ACCENT_COLOR_NAME = AccentColor;
				CODE_SIGN_STYLE = Automatic;
				CURRENT_PROJECT_VERSION = 1;
				DEVELOPMENT_ASSET_PATHS = "\"map-navigation/Preview Content\"";
				DEVELOPMENT_TEAM = A8UB7LJGV7;
				ENABLE_PREVIEWS = YES;
				GENERATE_INFOPLIST_FILE = YES;
				INFOPLIST_FILE = "map-navigation/Info.plist";
				INFOPLIST_KEY_UIApplicationSceneManifest_Generation = YES;
				INFOPLIST_KEY_UIApplicationSupportsIndirectInputEvents = YES;
				INFOPLIST_KEY_UILaunchScreen_Generation = YES;
				INFOPLIST_KEY_UISupportedInterfaceOrientations_iPad = "UIInterfaceOrientationPortrait UIInterfaceOrientationPortraitUpsideDown UIInterfaceOrientationLandscapeLeft UIInterfaceOrientationLandscapeRight";
				INFOPLIST_KEY_UISupportedInterfaceOrientations_iPhone = "UIInterfaceOrientationPortrait UIInterfaceOrientationLandscapeLeft UIInterfaceOrientationLandscapeRight";
				LD_RUNPATH_SEARCH_PATHS = (
					"$(inherited)",
					"@executable_path/Frameworks",
				);
				MARKETING_VERSION = 1.0;
				PRODUCT_BUNDLE_IDENTIFIER = "com.liaohongxing.map-navigation";
				PRODUCT_NAME = "$(TARGET_NAME)";
				SWIFT_EMIT_LOC_STRINGS = YES;
				SWIFT_VERSION = 5.0;
				TARGETED_DEVICE_FAMILY = "1,2";
			};
			name = Release;
		};
		EEE677DF2840C46F00933334 /* Debug */ = {
			isa = XCBuildConfiguration;
			buildSettings = {
				ALWAYS_EMBED_SWIFT_STANDARD_LIBRARIES = YES;
				BUNDLE_LOADER = "$(TEST_HOST)";
				CODE_SIGN_STYLE = Automatic;
				CURRENT_PROJECT_VERSION = 1;
				DEVELOPMENT_TEAM = A8UB7LJGV7;
				GENERATE_INFOPLIST_FILE = YES;
				IPHONEOS_DEPLOYMENT_TARGET = 15.5;
				MARKETING_VERSION = 1.0;
				PRODUCT_BUNDLE_IDENTIFIER = "com.liaohongxing.map-navigationTests";
				PRODUCT_NAME = "$(TARGET_NAME)";
				SWIFT_EMIT_LOC_STRINGS = NO;
				SWIFT_VERSION = 5.0;
				TARGETED_DEVICE_FAMILY = "1,2";
				TEST_HOST = "$(BUILT_PRODUCTS_DIR)/map-navigation.app/map-navigation";
			};
			name = Debug;
		};
		EEE677E02840C46F00933334 /* Release */ = {
			isa = XCBuildConfiguration;
			buildSettings = {
				ALWAYS_EMBED_SWIFT_STANDARD_LIBRARIES = YES;
				BUNDLE_LOADER = "$(TEST_HOST)";
				CODE_SIGN_STYLE = Automatic;
				CURRENT_PROJECT_VERSION = 1;
				DEVELOPMENT_TEAM = A8UB7LJGV7;
				GENERATE_INFOPLIST_FILE = YES;
				IPHONEOS_DEPLOYMENT_TARGET = 15.5;
				MARKETING_VERSION = 1.0;
				PRODUCT_BUNDLE_IDENTIFIER = "com.liaohongxing.map-navigationTests";
				PRODUCT_NAME = "$(TARGET_NAME)";
				SWIFT_EMIT_LOC_STRINGS = NO;
				SWIFT_VERSION = 5.0;
				TARGETED_DEVICE_FAMILY = "1,2";
				TEST_HOST = "$(BUILT_PRODUCTS_DIR)/map-navigation.app/map-navigation";
			};
			name = Release;
		};
		EEE677E22840C46F00933334 /* Debug */ = {
			isa = XCBuildConfiguration;
			buildSettings = {
				ALWAYS_EMBED_SWIFT_STANDARD_LIBRARIES = YES;
				CODE_SIGN_STYLE = Automatic;
				CURRENT_PROJECT_VERSION = 1;
				DEVELOPMENT_TEAM = A8UB7LJGV7;
				GENERATE_INFOPLIST_FILE = YES;
				MARKETING_VERSION = 1.0;
				PRODUCT_BUNDLE_IDENTIFIER = "com.liaohongxing.map-navigationUITests";
				PRODUCT_NAME = "$(TARGET_NAME)";
				SWIFT_EMIT_LOC_STRINGS = NO;
				SWIFT_VERSION = 5.0;
				TARGETED_DEVICE_FAMILY = "1,2";
				TEST_TARGET_NAME = "map-navigation";
			};
			name = Debug;
		};
		EEE677E32840C46F00933334 /* Release */ = {
			isa = XCBuildConfiguration;
			buildSettings = {
				ALWAYS_EMBED_SWIFT_STANDARD_LIBRARIES = YES;
				CODE_SIGN_STYLE = Automatic;
				CURRENT_PROJECT_VERSION = 1;
				DEVELOPMENT_TEAM = A8UB7LJGV7;
				GENERATE_INFOPLIST_FILE = YES;
				MARKETING_VERSION = 1.0;
				PRODUCT_BUNDLE_IDENTIFIER = "com.liaohongxing.map-navigationUITests";
				PRODUCT_NAME = "$(TARGET_NAME)";
				SWIFT_EMIT_LOC_STRINGS = NO;
				SWIFT_VERSION = 5.0;
				TARGETED_DEVICE_FAMILY = "1,2";
				TEST_TARGET_NAME = "map-navigation";
			};
			name = Release;
		};
/* End XCBuildConfiguration section */

/* Begin XCConfigurationList section */
		EEE677B22840C46900933334 /* Build configuration list for PBXProject "map-navigation" */ = {
			isa = XCConfigurationList;
			buildConfigurations = (
				EEE677D92840C46F00933334 /* Debug */,
				EEE677DA2840C46F00933334 /* Release */,
			);
			defaultConfigurationIsVisible = 0;
			defaultConfigurationName = Release;
		};
		EEE677DB2840C46F00933334 /* Build configuration list for PBXNativeTarget "map-navigation" */ = {
			isa = XCConfigurationList;
			buildConfigurations = (
				EEE677DC2840C46F00933334 /* Debug */,
				EEE677DD2840C46F00933334 /* Release */,
			);
			defaultConfigurationIsVisible = 0;
			defaultConfigurationName = Release;
		};
		EEE677DE2840C46F00933334 /* Build configuration list for PBXNativeTarget "map-navigationTests" */ = {
			isa = XCConfigurationList;
			buildConfigurations = (
				EEE677DF2840C46F00933334 /* Debug */,
				EEE677E02840C46F00933334 /* Release */,
			);
			defaultConfigurationIsVisible = 0;
			defaultConfigurationName = Release;
		};
		EEE677E12840C46F00933334 /* Build configuration list for PBXNativeTarget "map-navigationUITests" */ = {
			isa = XCConfigurationList;
			buildConfigurations = (
				EEE677E22840C46F00933334 /* Debug */,
				EEE677E32840C46F00933334 /* Release */,
			);
			defaultConfigurationIsVisible = 0;
			defaultConfigurationName = Release;
		};
/* End XCConfigurationList section */
	};
	rootObject = EEE677AF2840C46900933334 /* Project object */;
}
